	<Project xmlns="http://schemas.microsoft.com/developer/msbuild/2003">
		<PropertyGroup>
			<ProjectGuid>{63D9930B-B479-47B7-B437-CC99B4997204}</ProjectGuid>
			<MainSource>MirClient.dpr</MainSource>
			<Config Condition="'$(Config)'==''">Debug</Config>
			<DCC_DCCCompiler>DCC32</DCC_DCCCompiler>
			<ProjectVersion>12.0</ProjectVersion>
		</PropertyGroup>
		<PropertyGroup Condition="'$(Config)'=='Base' or '$(Base)'!=''">
			<Base>true</Base>
		</PropertyGroup>
		<PropertyGroup Condition="'$(Config)'=='Release' or '$(Cfg_1)'!=''">
			<Cfg_1>true</Cfg_1>
			<CfgParent>Base</CfgParent>
			<Base>true</Base>
		</PropertyGroup>
		<PropertyGroup Condition="'$(Config)'=='Debug' or '$(Cfg_2)'!=''">
			<Cfg_2>true</Cfg_2>
			<CfgParent>Base</CfgParent>
			<Base>true</Base>
		</PropertyGroup>
		<PropertyGroup Condition="'$(Base)'!=''">
			<DCC_UnitSearchPath>..\Component\MiTec;..\Common;$(DCC_UnitSearchPath)</DCC_UnitSearchPath>
			<DCC_UnitAlias>WinTypes=Windows;WinProcs=Windows;$(DCC_UnitAlias)</DCC_UnitAlias>
			<DCC_DependencyCheckOutputName>MirClient.exe</DCC_DependencyCheckOutputName>
			<DCC_ImageBase>00400000</DCC_ImageBase>
			<DCC_Platform>x86</DCC_Platform>
		</PropertyGroup>
		<PropertyGroup Condition="'$(Cfg_1)'!=''">
			<DCC_LocalDebugSymbols>false</DCC_LocalDebugSymbols>
			<DCC_Define>RELEASE;$(DCC_Define)</DCC_Define>
			<DCC_SymbolReferenceInfo>0</DCC_SymbolReferenceInfo>
			<DCC_DebugInformation>false</DCC_DebugInformation>
		</PropertyGroup>
		<PropertyGroup Condition="'$(Cfg_2)'!=''">
			<DCC_Define>DEBUG;$(DCC_Define)</DCC_Define>
		</PropertyGroup>
		<ItemGroup>
			<DelphiCompile Include="MirClient.dpr">
				<MainSource>MainSource</MainSource>
			</DelphiCompile>
			<DCCReference Include="ClMain.pas">
				<Form>frmMain</Form>
			</DCCReference>
			<DCCReference Include="DrawScrn.pas"/>
			<DCCReference Include="IntroScn.pas"/>
			<DCCReference Include="PlayScn.pas"/>
			<DCCReference Include="MapUnit.pas"/>
			<DCCReference Include="FState.pas">
				<Form>FrmDlg</Form>
			</DCCReference>
			<DCCReference Include="ClFunc.pas"/>
			<DCCReference Include="DWinCtl.pas"/>
			<DCCReference Include="magiceff.pas"/>
			<DCCReference Include="SoundUtil.pas"/>
			<DCCReference Include="Actor.pas"/>
			<DCCReference Include="HerbActor.pas"/>
			<DCCReference Include="AxeMon.pas"/>
			<DCCReference Include="clEvent.pas"/>
			<DCCReference Include="..\Common\HUtil32.pas"/>
			<DCCReference Include="MShare.pas"/>
			<DCCReference Include="Mpeg.pas"/>
			<DCCReference Include="wmUtil.pas"/>
			<DCCReference Include="Share.pas"/>
			<DCCReference Include="..\Common\Grobal2.pas"/>
			<DCCReference Include="SoundEngn.pas"/>
			<DCCReference Include="..\Common\MD5EncodeStr.pas"/>
			<DCCReference Include="..\Common\EncryptUnit.pas"/>
			<DCCReference Include="..\Common\CompressUnit1.pas"/>
			<DCCReference Include="..\Common\CompressUnit.pas"/>
			<DCCReference Include="PlugIn.pas"/>
			<DCCReference Include="PathFind.pas"/>
			<DCCReference Include="Textures.pas"/>
			<DCCReference Include="LoadMapThread.pas"/>
			<DCCReference Include="GuaJi.pas"/>
			<DCCReference Include="..\Common\MapFiles.pas"/>
			<DCCReference Include="GameImages.pas"/>
			<DCCReference Include="Uib.pas"/>
			<DCCReference Include="Wil.pas"/>
			<DCCReference Include="Wis.pas"/>
			<DCCReference Include="Fir.pas"/>
			<DCCReference Include="..\Common\ZLibEx.pas"/>
			<DCCReference Include="..\Common\ZLibx.pas"/>
			<DCCReference Include="..\Component\fastmm\FastMM4Messages.pas"/>
			<BuildConfiguration Include="Base">
				<Key>Base</Key>
			</BuildConfiguration>
			<BuildConfiguration Include="Debug">
				<Key>Cfg_2</Key>
				<CfgParent>Base</CfgParent>
			</BuildConfiguration>
			<BuildConfiguration Include="Release">
				<Key>Cfg_1</Key>
				<CfgParent>Base</CfgParent>
			</BuildConfiguration>
		</ItemGroup>
		<Import Project="$(BDS)\Bin\CodeGear.Delphi.Targets" Condition="Exists('$(BDS)\Bin\CodeGear.Delphi.Targets')"/>
		<ProjectExtensions>
			<Borland.Personality>Delphi.Personality.12</Borland.Personality>
			<Borland.ProjectType>VCLApplication</Borland.ProjectType>
			<BorlandProject>
				<Delphi.Personality>
					<Source>
						<Source Name="MainSource">MirClient.dpr</Source>
					</Source>
					<Parameters>
						<Parameters Name="UseLauncher">False</Parameters>
						<Parameters Name="LoadAllSymbols">True</Parameters>
						<Parameters Name="LoadUnspecifiedSymbols">False</Parameters>
					</Parameters>
					<VersionInfo>
						<VersionInfo Name="IncludeVerInfo">True</VersionInfo>
						<VersionInfo Name="AutoIncBuild">False</VersionInfo>
						<VersionInfo Name="MajorVer">4</VersionInfo>
						<VersionInfo Name="MinorVer">0</VersionInfo>
						<VersionInfo Name="Release">4</VersionInfo>
						<VersionInfo Name="Build">0</VersionInfo>
						<VersionInfo Name="Debug">False</VersionInfo>
						<VersionInfo Name="PreRelease">False</VersionInfo>
						<VersionInfo Name="Special">False</VersionInfo>
						<VersionInfo Name="Private">False</VersionInfo>
						<VersionInfo Name="DLL">False</VersionInfo>
						<VersionInfo Name="Locale">1033</VersionInfo>
						<VersionInfo Name="CodePage">1252</VersionInfo>
					</VersionInfo>
					<VersionInfoKeys>
						<VersionInfoKeys Name="CompanyName"/>
						<VersionInfoKeys Name="FileDescription"/>
						<VersionInfoKeys Name="FileVersion">1.0.0.0</VersionInfoKeys>
						<VersionInfoKeys Name="InternalName"/>
						<VersionInfoKeys Name="LegalCopyright"/>
						<VersionInfoKeys Name="LegalTrademarks"/>
						<VersionInfoKeys Name="OriginalFilename"/>
						<VersionInfoKeys Name="ProductName"/>
						<VersionInfoKeys Name="ProductVersion">1.0.0.0</VersionInfoKeys>
						<VersionInfoKeys Name="Comments"/>
					</VersionInfoKeys>
				</Delphi.Personality>
			</BorlandProject>
			<ProjectFileVersion>12</ProjectFileVersion>
		</ProjectExtensions>
	</Project>
