	<Project xmlns="http://schemas.microsoft.com/developer/msbuild/2003">
		<PropertyGroup>
			<ProjectGuid>{9A333125-2A49-4391-89F9-21B9FCD13761}</ProjectGuid>
			<MainSource>RaizeComponentsVcl_Design.dpk</MainSource>
			<Config Condition="'$(Config)'==''">Debug</Config>
			<DCC_DCCCompiler>DCC32</DCC_DCCCompiler>
			<ProjectVersion>12.0</ProjectVersion>
		</PropertyGroup>
		<PropertyGroup Condition="'$(Config)'=='Base' or '$(Base)'!=''">
			<Base>true</Base>
		</PropertyGroup>
		<PropertyGroup Condition="'$(Config)'=='Release' or '$(Cfg_1)'!=''">
			<Cfg_1>true</Cfg_1>
			<CfgParent>Base</CfgParent>
			<Base>true</Base>
		</PropertyGroup>
		<PropertyGroup Condition="'$(Config)'=='Debug' or '$(Cfg_2)'!=''">
			<Cfg_2>true</Cfg_2>
			<CfgParent>Base</CfgParent>
			<Base>true</Base>
		</PropertyGroup>
		<PropertyGroup Condition="'$(Base)'!=''">
			<DesignOnlyPackage>true</DesignOnlyPackage>
			<DCC_WriteableConstants>true</DCC_WriteableConstants>
			<DCC_DebugInformation>false</DCC_DebugInformation>
			<DCC_UnitAlias>WinTypes=Windows;WinProcs=Windows;$(DCC_UnitAlias)</DCC_UnitAlias>
			<DCC_LocalDebugSymbols>false</DCC_LocalDebugSymbols>
			<DCC_DependencyCheckOutputName>C:\Documents and Settings\All Users\Documents\RAD Studio\7.0\Bpl\RaizeComponentsVcl_Design.bpl</DCC_DependencyCheckOutputName>
			<GenDll>true</GenDll>
			<DCC_AssertionsAtRuntime>false</DCC_AssertionsAtRuntime>
			<DCC_OutputNeverBuildDcps>true</DCC_OutputNeverBuildDcps>
			<DCC_SymbolReferenceInfo>0</DCC_SymbolReferenceInfo>
			<GenPackage>true</GenPackage>
			<DCC_DcuOutput>..\..\..\..\DCU\</DCC_DcuOutput>
			<DCC_ImageBase>50800000</DCC_ImageBase>
			<DCC_Platform>x86</DCC_Platform>
		</PropertyGroup>
		<PropertyGroup Condition="'$(Cfg_1)'!=''">
			<DCC_LocalDebugSymbols>false</DCC_LocalDebugSymbols>
			<DCC_Define>RELEASE;$(DCC_Define)</DCC_Define>
			<DCC_SymbolReferenceInfo>0</DCC_SymbolReferenceInfo>
			<DCC_DebugInformation>false</DCC_DebugInformation>
		</PropertyGroup>
		<PropertyGroup Condition="'$(Cfg_2)'!=''">
			<DCC_Define>DEBUG;$(DCC_Define)</DCC_Define>
		</PropertyGroup>
		<ItemGroup>
			<DelphiCompile Include="RaizeComponentsVcl_Design.dpk">
				<MainSource>MainSource</MainSource>
			</DelphiCompile>
			<DCCReference Include="RaizeComponentsVcl_Design.res"/>
			<DCCReference Include="RaizeComponentsVcl_24x24.dcr"/>
			<DCCReference Include="Vcl.dcp"/>
			<DCCReference Include="DesignIDE.dcp"/>
			<DCCReference Include="DclStd.dcp"/>
			<DCCReference Include="RaizeComponentsVcl.dcp"/>
			<DCCReference Include="RaizeComponentsVcl_Reg.pas"/>
			<DCCReference Include="RzDesignEditors.pas"/>
			<DCCReference Include="RzAboutEditor.pas"/>
			<DCCReference Include="RzButtonEditor.pas"/>
			<DCCReference Include="RzCaptionEditor.pas"/>
			<DCCReference Include="RzCheckGroupEditor.pas"/>
			<DCCReference Include="RzCheckListEditor.pas"/>
			<DCCReference Include="RzCheckListItemForm.pas"/>
			<DCCReference Include="RzCheckListTabStopEditor.pas"/>
			<DCCReference Include="RzColorNamesEditor.pas"/>
			<DCCReference Include="RzComboBoxEditor.pas"/>
			<DCCReference Include="RzGroupBarEditor.pas"/>
			<DCCReference Include="RzImageListEditor.pas"/>
			<DCCReference Include="RzRadioGroupEditor.pas"/>
			<DCCReference Include="RzLabelEditor.pas"/>
			<DCCReference Include="RzPanelEditor.pas"/>
			<DCCReference Include="RzPathBarEditor.pas"/>
			<DCCReference Include="RzSelectImageEditor.pas"/>
			<DCCReference Include="RzShellDesignEditors.pas"/>
			<DCCReference Include="RzSplitterEditor.pas"/>
			<DCCReference Include="RzStringListEditor.pas"/>
			<DCCReference Include="RzStringModule.pas"/>
			<DCCReference Include="RzTabStopEditor.pas"/>
			<DCCReference Include="RzToolbarEditor.pas"/>
			<DCCReference Include="RzToolbarPrefixForm.pas"/>
			<BuildConfiguration Include="Base">
				<Key>Base</Key>
			</BuildConfiguration>
			<BuildConfiguration Include="Debug">
				<Key>Cfg_2</Key>
				<CfgParent>Base</CfgParent>
			</BuildConfiguration>
			<BuildConfiguration Include="Release">
				<Key>Cfg_1</Key>
				<CfgParent>Base</CfgParent>
			</BuildConfiguration>
		</ItemGroup>
		<Import Project="$(BDS)\Bin\CodeGear.Delphi.Targets" Condition="Exists('$(BDS)\Bin\CodeGear.Delphi.Targets')"/>
		<ProjectExtensions>
			<Borland.Personality>Delphi.Personality.12</Borland.Personality>
			<Borland.ProjectType>Package</Borland.ProjectType>
			<BorlandProject>
				<Delphi.Personality>
					<Source>
						<Source Name="MainSource">RaizeComponentsVcl_Design.dpk</Source>
					</Source>
					<Parameters>
						<Parameters Name="UseLauncher">False</Parameters>
						<Parameters Name="LoadAllSymbols">True</Parameters>
						<Parameters Name="LoadUnspecifiedSymbols">False</Parameters>
					</Parameters>
					<VersionInfo>
						<VersionInfo Name="IncludeVerInfo">True</VersionInfo>
						<VersionInfo Name="AutoIncBuild">False</VersionInfo>
						<VersionInfo Name="MajorVer">1</VersionInfo>
						<VersionInfo Name="MinorVer">0</VersionInfo>
						<VersionInfo Name="Release">0</VersionInfo>
						<VersionInfo Name="Build">0</VersionInfo>
						<VersionInfo Name="Debug">False</VersionInfo>
						<VersionInfo Name="PreRelease">False</VersionInfo>
						<VersionInfo Name="Special">False</VersionInfo>
						<VersionInfo Name="Private">False</VersionInfo>
						<VersionInfo Name="DLL">False</VersionInfo>
						<VersionInfo Name="Locale">1033</VersionInfo>
						<VersionInfo Name="CodePage">1252</VersionInfo>
					</VersionInfo>
					<VersionInfoKeys>
						<VersionInfoKeys Name="CompanyName"/>
						<VersionInfoKeys Name="FileDescription"/>
						<VersionInfoKeys Name="FileVersion">1.0.0.0</VersionInfoKeys>
						<VersionInfoKeys Name="InternalName"/>
						<VersionInfoKeys Name="LegalCopyright"/>
						<VersionInfoKeys Name="LegalTrademarks"/>
						<VersionInfoKeys Name="OriginalFilename"/>
						<VersionInfoKeys Name="ProductName"/>
						<VersionInfoKeys Name="ProductVersion">1.0.0.0</VersionInfoKeys>
						<VersionInfoKeys Name="Comments"/>
					</VersionInfoKeys>
				</Delphi.Personality>
			</BorlandProject>
			<ProjectFileVersion>12</ProjectFileVersion>
		</ProjectExtensions>
	</Project>
