	<Project xmlns="http://schemas.microsoft.com/developer/msbuild/2003">
		<PropertyGroup>
			<ProjectGuid>{43A3E8B6-16B2-42A3-ACBE-17B7B835BC0C}</ProjectGuid>
			<MainSource>RaizeComponentsVcl.dpk</MainSource>
			<Config Condition="'$(Config)'==''">Debug</Config>
			<DCC_DCCCompiler>DCC32</DCC_DCCCompiler>
			<ProjectVersion>12.0</ProjectVersion>
		</PropertyGroup>
		<PropertyGroup Condition="'$(Config)'=='Base' or '$(Base)'!=''">
			<Base>true</Base>
		</PropertyGroup>
		<PropertyGroup Condition="'$(Config)'=='Release' or '$(Cfg_1)'!=''">
			<Cfg_1>true</Cfg_1>
			<CfgParent>Base</CfgParent>
			<Base>true</Base>
		</PropertyGroup>
		<PropertyGroup Condition="'$(Config)'=='Debug' or '$(Cfg_2)'!=''">
			<Cfg_2>true</Cfg_2>
			<CfgParent>Base</CfgParent>
			<Base>true</Base>
		</PropertyGroup>
		<PropertyGroup Condition="'$(Base)'!=''">
			<DCC_DependencyCheckOutputName>C:\Documents and Settings\All Users\Documents\RAD Studio\7.0\Bpl\RaizeComponentsVcl.bpl</DCC_DependencyCheckOutputName>
			<DesignOnlyPackage>false</DesignOnlyPackage>
			<DCC_WriteableConstants>true</DCC_WriteableConstants>
			<DCC_UnitAlias>WinTypes=Windows;WinProcs=Windows;$(DCC_UnitAlias)</DCC_UnitAlias>
			<DCC_LocalDebugSymbols>false</DCC_LocalDebugSymbols>
			<RuntimeOnlyPackage>true</RuntimeOnlyPackage>
			<DCC_DebugInformation>false</DCC_DebugInformation>
			<DCC_AssertionsAtRuntime>false</DCC_AssertionsAtRuntime>
			<DCC_OutputNeverBuildDcps>true</DCC_OutputNeverBuildDcps>
			<GenDll>true</GenDll>
			<DCC_DcuOutput>..\..\..\..\DCU\</DCC_DcuOutput>
			<DCC_SymbolReferenceInfo>0</DCC_SymbolReferenceInfo>
			<GenPackage>true</GenPackage>
			<DCC_ImageBase>50000000</DCC_ImageBase>
			<DCC_Platform>x86</DCC_Platform>
		</PropertyGroup>
		<PropertyGroup Condition="'$(Cfg_1)'!=''">
			<DCC_LocalDebugSymbols>false</DCC_LocalDebugSymbols>
			<DCC_Define>RELEASE;$(DCC_Define)</DCC_Define>
			<DCC_SymbolReferenceInfo>0</DCC_SymbolReferenceInfo>
			<DCC_DebugInformation>false</DCC_DebugInformation>
		</PropertyGroup>
		<PropertyGroup Condition="'$(Cfg_2)'!=''">
			<DCC_Define>DEBUG;$(DCC_Define)</DCC_Define>
		</PropertyGroup>
		<ItemGroup>
			<DelphiCompile Include="RaizeComponentsVcl.dpk">
				<MainSource>MainSource</MainSource>
			</DelphiCompile>
			<DCCReference Include="RaizeComponentsVcl.res"/>
			<DCCReference Include="Vcl.dcp"/>
			<DCCReference Include="VclX.dcp"/>
			<DCCReference Include="RzAnimtr.pas"/>
			<DCCReference Include="RzBckgnd.pas"/>
			<DCCReference Include="RzBHints.pas"/>
			<DCCReference Include="RzBorder.pas"/>
			<DCCReference Include="RzBmpBtn.pas"/>
			<DCCReference Include="RzBtnEdt.pas"/>
			<DCCReference Include="RzButton.pas"/>
			<DCCReference Include="RzChkLst.pas"/>
			<DCCReference Include="RzCmboBx.pas"/>
			<DCCReference Include="RzCommon.pas"/>
			<DCCReference Include="RzCommonBitmaps.pas"/>
			<DCCReference Include="RzCommonCursors.pas"/>
			<DCCReference Include="RzDlgBtn.pas"/>
			<DCCReference Include="RzDTP.pas"/>
			<DCCReference Include="RzEdit.pas"/>
			<DCCReference Include="RzFilSys.pas"/>
			<DCCReference Include="RzGrids.pas"/>
			<DCCReference Include="RzForms.pas"/>
			<DCCReference Include="RzGrafx.pas"/>
			<DCCReference Include="RzGroupBar.pas"/>
			<DCCReference Include="RzIntLst.pas"/>
			<DCCReference Include="RzLabel.pas"/>
			<DCCReference Include="RzLaunch.pas"/>
			<DCCReference Include="RzLine.pas"/>
			<DCCReference Include="RzListVw.pas"/>
			<DCCReference Include="RzLookup.pas"/>
			<DCCReference Include="RzLookupForm.pas"/>
			<DCCReference Include="RzLstBox.pas"/>
			<DCCReference Include="RzPanel.pas"/>
			<DCCReference Include="RzPathBar.pas"/>
			<DCCReference Include="RzPopups.pas"/>
			<DCCReference Include="RzPrgres.pas"/>
			<DCCReference Include="RzRadChk.pas"/>
			<DCCReference Include="RzRadGrp.pas"/>
			<DCCReference Include="RzSelDir.pas"/>
			<DCCReference Include="RzSelDirForm.pas"/>
			<DCCReference Include="RzShellIntf.pas"/>
			<DCCReference Include="RzShellConsts.pas"/>
			<DCCReference Include="RzShellCtrls.pas"/>
			<DCCReference Include="RzShellDialogs.pas"/>
			<DCCReference Include="RzShellFolderForm.pas"/>
			<DCCReference Include="RzShellOpenForm.pas"/>
			<DCCReference Include="RzShellUtils.pas"/>
			<DCCReference Include="RzSndMsg.pas"/>
			<DCCReference Include="RzSplit.pas"/>
			<DCCReference Include="RzSpnEdt.pas"/>
			<DCCReference Include="RzStatus.pas"/>
			<DCCReference Include="RzSysRes.pas"/>
			<DCCReference Include="RzTabs.pas"/>
			<DCCReference Include="RzToolbarForm.pas"/>
			<DCCReference Include="RzTray.pas"/>
			<DCCReference Include="RzTreeVw.pas"/>
			<DCCReference Include="RzTrkBar.pas"/>
			<BuildConfiguration Include="Base">
				<Key>Base</Key>
			</BuildConfiguration>
			<BuildConfiguration Include="Debug">
				<Key>Cfg_2</Key>
				<CfgParent>Base</CfgParent>
			</BuildConfiguration>
			<BuildConfiguration Include="Release">
				<Key>Cfg_1</Key>
				<CfgParent>Base</CfgParent>
			</BuildConfiguration>
		</ItemGroup>
		<Import Project="$(BDS)\Bin\CodeGear.Delphi.Targets" Condition="Exists('$(BDS)\Bin\CodeGear.Delphi.Targets')"/>
		<ProjectExtensions>
			<Borland.Personality>Delphi.Personality.12</Borland.Personality>
			<Borland.ProjectType>Package</Borland.ProjectType>
			<BorlandProject>
				<Delphi.Personality>
					<Source>
						<Source Name="MainSource">RaizeComponentsVcl.dpk</Source>
					</Source>
					<Parameters>
						<Parameters Name="UseLauncher">False</Parameters>
						<Parameters Name="LoadAllSymbols">True</Parameters>
						<Parameters Name="LoadUnspecifiedSymbols">False</Parameters>
					</Parameters>
					<VersionInfo>
						<VersionInfo Name="IncludeVerInfo">True</VersionInfo>
						<VersionInfo Name="AutoIncBuild">False</VersionInfo>
						<VersionInfo Name="MajorVer">5</VersionInfo>
						<VersionInfo Name="MinorVer">4</VersionInfo>
						<VersionInfo Name="Release">0</VersionInfo>
						<VersionInfo Name="Build">0</VersionInfo>
						<VersionInfo Name="Debug">False</VersionInfo>
						<VersionInfo Name="PreRelease">False</VersionInfo>
						<VersionInfo Name="Special">False</VersionInfo>
						<VersionInfo Name="Private">False</VersionInfo>
						<VersionInfo Name="DLL">True</VersionInfo>
						<VersionInfo Name="Locale">1033</VersionInfo>
						<VersionInfo Name="CodePage">1252</VersionInfo>
					</VersionInfo>
					<VersionInfoKeys>
						<VersionInfoKeys Name="CompanyName">Raize Software, Inc.</VersionInfoKeys>
						<VersionInfoKeys Name="FileDescription">Raize Components 5 Package</VersionInfoKeys>
						<VersionInfoKeys Name="FileVersion">5.4.0.0</VersionInfoKeys>
						<VersionInfoKeys Name="InternalName"/>
						<VersionInfoKeys Name="LegalCopyright">Copyright © 1995-2010 Raize Software, Inc.</VersionInfoKeys>
						<VersionInfoKeys Name="LegalTrademarks"/>
						<VersionInfoKeys Name="OriginalFilename"/>
						<VersionInfoKeys Name="ProductName">Raize Components</VersionInfoKeys>
						<VersionInfoKeys Name="ProductVersion">5.4.0.0</VersionInfoKeys>
						<VersionInfoKeys Name="Comments"/>
					</VersionInfoKeys>
				</Delphi.Personality>
			</BorlandProject>
			<ProjectFileVersion>12</ProjectFileVersion>
		</ProjectExtensions>
	</Project>
